// !$*UTF8*$!
{
	archiveVersion = 1;
	classes = {
	};
	objectVersion = 46;
	objects = {

/* Begin PBXBuildFile section */
		F2C440CB1CD1F368003D18D0 /* AppDelegate.swift in Sources */ = {isa = PBXBuildFile; fileRef = F2C440CA1CD1F368003D18D0 /* AppDelegate.swift */; };
		F2C440CD1CD1F368003D18D0 /* ViewController.swift in Sources */ = {isa = PBXBuildFile; fileRef = F2C440CC1CD1F368003D18D0 /* ViewController.swift */; };
		F2C440D01CD1F368003D18D0 /* Main.storyboard in Resources */ = {isa = PBXBuildFile; fileRef = F2C440CE1CD1F368003D18D0 /* Main.storyboard */; };
		F2C440D21CD1F368003D18D0 /* Assets.xcassets in Resources */ = {isa = PBXBuildFile; fileRef = F2C440D11CD1F368003D18D0 /* Assets.xcassets */; };
		F2C440D51CD1F368003D18D0 /* LaunchScreen.storyboard in Resources */ = {isa = PBXBuildFile; fileRef = F2C440D31CD1F368003D18D0 /* LaunchScreen.storyboard */; };
		F2C440E01CD1F368003D18D0 /* swift_day08_setter_getterTests.swift in Sources */ = {isa = PBXBuildFile; fileRef = F2C440DF1CD1F368003D18D0 /* swift_day08_setter_getterTests.swift */; };
		F2C440EB1CD1F368003D18D0 /* swift_day08_setter_getterUITests.swift in Sources */ = {isa = PBXBuildFile; fileRef = F2C440EA1CD1F368003D18D0 /* swift_day08_setter_getterUITests.swift */; };
/* End PBXBuildFile section */

/* Begin PBXContainerItemProxy section */
		F2C440DC1CD1F368003D18D0 /* PBXContainerItemProxy */ = {
			isa = PBXContainerItemProxy;
			containerPortal = F2C440BF1CD1F368003D18D0 /* Project object */;
			proxyType = 1;
			remoteGlobalIDString = F2C440C61CD1F368003D18D0;
			remoteInfo = "swift-day08-setter&getter";
		};
		F2C440E71CD1F368003D18D0 /* PBXContainerItemProxy */ = {
			isa = PBXContainerItemProxy;
			containerPortal = F2C440BF1CD1F368003D18D0 /* Project object */;
			proxyType = 1;
			remoteGlobalIDString = F2C440C61CD1F368003D18D0;
			remoteInfo = "swift-day08-setter&getter";
		};
/* End PBXContainerItemProxy section */

/* Begin PBXFileReference section */
		F2C440C71CD1F368003D18D0 /* swift-day08-setter&getter.app */ = {isa = PBXFileReference; explicitFileType = wrapper.application; includeInIndex = 0; path = "swift-day08-setter&getter.app"; sourceTree = BUILT_PRODUCTS_DIR; };
		F2C440CA1CD1F368003D18D0 /* AppDelegate.swift */ = {isa = PBXFileReference; lastKnownFileType = sourcecode.swift; path = AppDelegate.swift; sourceTree = "<group>"; };
		F2C440CC1CD1F368003D18D0 /* ViewController.swift */ = {isa = PBXFileReference; lastKnownFileType = sourcecode.swift; path = ViewController.swift; sourceTree = "<group>"; };
		F2C440CF1CD1F368003D18D0 /* Base */ = {isa = PBXFileReference; lastKnownFileType = file.storyboard; name = Base; path = Base.lproj/Main.storyboard; sourceTree = "<group>"; };
		F2C440D11CD1F368003D18D0 /* Assets.xcassets */ = {isa = PBXFileReference; lastKnownFileType = folder.assetcatalog; path = Assets.xcassets; sourceTree = "<group>"; };
		F2C440D41CD1F368003D18D0 /* Base */ = {isa = PBXFileReference; lastKnownFileType = file.storyboard; name = Base; path = Base.lproj/LaunchScreen.storyboard; sourceTree = "<group>"; };
		F2C440D61CD1F368003D18D0 /* Info.plist */ = {isa = PBXFileReference; lastKnownFileType = text.plist.xml; path = Info.plist; sourceTree = "<group>"; };
		F2C440DB1CD1F368003D18D0 /* swift-day08-setter&getterTests.xctest */ = {isa = PBXFileReference; explicitFileType = wrapper.cfbundle; includeInIndex = 0; path = "swift-day08-setter&getterTests.xctest"; sourceTree = BUILT_PRODUCTS_DIR; };
		F2C440DF1CD1F368003D18D0 /* swift_day08_setter_getterTests.swift */ = {isa = PBXFileReference; lastKnownFileType = sourcecode.swift; path = swift_day08_setter_getterTests.swift; sourceTree = "<group>"; };
		F2C440E11CD1F368003D18D0 /* Info.plist */ = {isa = PBXFileReference; lastKnownFileType = text.plist.xml; path = Info.plist; sourceTree = "<group>"; };
		F2C440E61CD1F368003D18D0 /* swift-day08-setter&getterUITests.xctest */ = {isa = PBXFileReference; explicitFileType = wrapper.cfbundle; includeInIndex = 0; path = "swift-day08-setter&getterUITests.xctest"; sourceTree = BUILT_PRODUCTS_DIR; };
		F2C440EA1CD1F368003D18D0 /* swift_day08_setter_getterUITests.swift */ = {isa = PBXFileReference; lastKnownFileType = sourcecode.swift; path = swift_day08_setter_getterUITests.swift; sourceTree = "<group>"; };
		F2C440EC1CD1F368003D18D0 /* Info.plist */ = {isa = PBXFileReference; lastKnownFileType = text.plist.xml; path = Info.plist; sourceTree = "<group>"; };
/* End PBXFileReference section */

/* Begin PBXFrameworksBuildPhase section */
		F2C440C41CD1F368003D18D0 /* Frameworks */ = {
			isa = PBXFrameworksBuildPhase;
			buildActionMask = 2147483647;
			files = (
			);
			runOnlyForDeploymentPostprocessing = 0;
		};
		F2C440D81CD1F368003D18D0 /* Frameworks */ = {
			isa = PBXFrameworksBuildPhase;
			buildActionMask = 2147483647;
			files = (
			);
			runOnlyForDeploymentPostprocessing = 0;
		};
		F2C440E31CD1F368003D18D0 /* Frameworks */ = {
			isa = PBXFrameworksBuildPhase;
			buildActionMask = 2147483647;
			files = (
			);
			runOnlyForDeploymentPostprocessing = 0;
		};
/* End PBXFrameworksBuildPhase section */

/* Begin PBXGroup section */
		F2C440BE1CD1F368003D18D0 = {
			isa = PBXGroup;
			children = (
				F2C440C91CD1F368003D18D0 /* swift-day08-setter&getter */,
				F2C440DE1CD1F368003D18D0 /* swift-day08-setter&getterTests */,
				F2C440E91CD1F368003D18D0 /* swift-day08-setter&getterUITests */,
				F2C440C81CD1F368003D18D0 /* Products */,
			);
			sourceTree = "<group>";
		};
		F2C440C81CD1F368003D18D0 /* Products */ = {
			isa = PBXGroup;
			children = (
				F2C440C71CD1F368003D18D0 /* swift-day08-setter&getter.app */,
				F2C440DB1CD1F368003D18D0 /* swift-day08-setter&getterTests.xctest */,
				F2C440E61CD1F368003D18D0 /* swift-day08-setter&getterUITests.xctest */,
			);
			name = Products;
			sourceTree = "<group>";
		};
		F2C440C91CD1F368003D18D0 /* swift-day08-setter&getter */ = {
			isa = PBXGroup;
			children = (
				F2C440CA1CD1F368003D18D0 /* AppDelegate.swift */,
				F2C440CC1CD1F368003D18D0 /* ViewController.swift */,
				F2C440CE1CD1F368003D18D0 /* Main.storyboard */,
				F2C440D11CD1F368003D18D0 /* Assets.xcassets */,
				F2C440D31CD1F368003D18D0 /* LaunchScreen.storyboard */,
				F2C440D61CD1F368003D18D0 /* Info.plist */,
			);
			path = "swift-day08-setter&getter";
			sourceTree = "<group>";
		};
		F2C440DE1CD1F368003D18D0 /* swift-day08-setter&getterTests */ = {
			isa = PBXGroup;
			children = (
				F2C440DF1CD1F368003D18D0 /* swift_day08_setter_getterTests.swift */,
				F2C440E11CD1F368003D18D0 /* Info.plist */,
			);
			path = "swift-day08-setter&getterTests";
			sourceTree = "<group>";
		};
		F2C440E91CD1F368003D18D0 /* swift-day08-setter&getterUITests */ = {
			isa = PBXGroup;
			children = (
				F2C440EA1CD1F368003D18D0 /* swift_day08_setter_getterUITests.swift */,
				F2C440EC1CD1F368003D18D0 /* Info.plist */,
			);
			path = "swift-day08-setter&getterUITests";
			sourceTree = "<group>";
		};
/* End PBXGroup section */

/* Begin PBXNativeTarget section */
		F2C440C61CD1F368003D18D0 /* swift-day08-setter&getter */ = {
			isa = PBXNativeTarget;
			buildConfigurationList = F2C440EF1CD1F368003D18D0 /* Build configuration list for PBXNativeTarget "swift-day08-setter&getter" */;
			buildPhases = (
				F2C440C31CD1F368003D18D0 /* Sources */,
				F2C440C41CD1F368003D18D0 /* Frameworks */,
				F2C440C51CD1F368003D18D0 /* Resources */,
			);
			buildRules = (
			);
			dependencies = (
			);
			name = "swift-day08-setter&getter";
			productName = "swift-day08-setter&getter";
			productReference = F2C440C71CD1F368003D18D0 /* swift-day08-setter&getter.app */;
			productType = "com.apple.product-type.application";
		};
		F2C440DA1CD1F368003D18D0 /* swift-day08-setter&getterTests */ = {
			isa = PBXNativeTarget;
			buildConfigurationList = F2C440F21CD1F368003D18D0 /* Build configuration list for PBXNativeTarget "swift-day08-setter&getterTests" */;
			buildPhases = (
				F2C440D71CD1F368003D18D0 /* Sources */,
				F2C440D81CD1F368003D18D0 /* Frameworks */,
				F2C440D91CD1F368003D18D0 /* Resources */,
			);
			buildRules = (
			);
			dependencies = (
				F2C440DD1CD1F368003D18D0 /* PBXTargetDependency */,
			);
			name = "swift-day08-setter&getterTests";
			productName = "swift-day08-setter&getterTests";
			productReference = F2C440DB1CD1F368003D18D0 /* swift-day08-setter&getterTests.xctest */;
			productType = "com.apple.product-type.bundle.unit-test";
		};
		F2C440E51CD1F368003D18D0 /* swift-day08-setter&getterUITests */ = {
			isa = PBXNativeTarget;
			buildConfigurationList = F2C440F51CD1F368003D18D0 /* Build configuration list for PBXNativeTarget "swift-day08-setter&getterUITests" */;
			buildPhases = (
				F2C440E21CD1F368003D18D0 /* Sources */,
				F2C440E31CD1F368003D18D0 /* Frameworks */,
				F2C440E41CD1F368003D18D0 /* Resources */,
			);
			buildRules = (
			);
			dependencies = (
				F2C440E81CD1F368003D18D0 /* PBXTargetDependency */,
			);
			name = "swift-day08-setter&getterUITests";
			productName = "swift-day08-setter&getterUITests";
			productReference = F2C440E61CD1F368003D18D0 /* swift-day08-setter&getterUITests.xctest */;
			productType = "com.apple.product-type.bundle.ui-testing";
		};
/* End PBXNativeTarget section */

/* Begin PBXProject section */
		F2C440BF1CD1F368003D18D0 /* Project object */ = {
			isa = PBXProject;
			attributes = {
				LastSwiftUpdateCheck = 0720;
				LastUpgradeCheck = 0720;
				ORGANIZATIONNAME = penglei;
				TargetAttributes = {
					F2C440C61CD1F368003D18D0 = {
						CreatedOnToolsVersion = 7.2.1;
					};
					F2C440DA1CD1F368003D18D0 = {
						CreatedOnToolsVersion = 7.2.1;
						TestTargetID = F2C440C61CD1F368003D18D0;
					};
					F2C440E51CD1F368003D18D0 = {
						CreatedOnToolsVersion = 7.2.1;
						TestTargetID = F2C440C61CD1F368003D18D0;
					};
				};
			};
			buildConfigurationList = F2C440C21CD1F368003D18D0 /* Build configuration list for PBXProject "swift-day08-setter&getter" */;
			compatibilityVersion = "Xcode 3.2";
			developmentRegion = English;
			hasScannedForEncodings = 0;
			knownRegions = (
				en,
				Base,
			);
			mainGroup = F2C440BE1CD1F368003D18D0;
			productRefGroup = F2C440C81CD1F368003D18D0 /* Products */;
			projectDirPath = "";
			projectRoot = "";
			targets = (
				F2C440C61CD1F368003D18D0 /* swift-day08-setter&getter */,
				F2C440DA1CD1F368003D18D0 /* swift-day08-setter&getterTests */,
				F2C440E51CD1F368003D18D0 /* swift-day08-setter&getterUITests */,
			);
		};
/* End PBXProject section */

/* Begin PBXResourcesBuildPhase section */
		F2C440C51CD1F368003D18D0 /* Resources */ = {
			isa = PBXResourcesBuildPhase;
			buildActionMask = 2147483647;
			files = (
				F2C440D51CD1F368003D18D0 /* LaunchScreen.storyboard in Resources */,
				F2C440D21CD1F368003D18D0 /* Assets.xcassets in Resources */,
				F2C440D01CD1F368003D18D0 /* Main.storyboard in Resources */,
			);
			runOnlyForDeploymentPostprocessing = 0;
		};
		F2C440D91CD1F368003D18D0 /* Resources */ = {
			isa = PBXResourcesBuildPhase;
			buildActionMask = 2147483647;
			files = (
			);
			runOnlyForDeploymentPostprocessing = 0;
		};
		F2C440E41CD1F368003D18D0 /* Resources */ = {
			isa = PBXResourcesBuildPhase;
			buildActionMask = 2147483647;
			files = (
			);
			runOnlyForDeploymentPostprocessing = 0;
		};
/* End PBXResourcesBuildPhase section */

/* Begin PBXSourcesBuildPhase section */
		F2C440C31CD1F368003D18D0 /* Sources */ = {
			isa = PBXSourcesBuildPhase;
			buildActionMask = 2147483647;
			files = (
				F2C440CD1CD1F368003D18D0 /* ViewController.swift in Sources */,
				F2C440CB1CD1F368003D18D0 /* AppDelegate.swift in Sources */,
			);
			runOnlyForDeploymentPostprocessing = 0;
		};
		F2C440D71CD1F368003D18D0 /* Sources */ = {
			isa = PBXSourcesBuildPhase;
			buildActionMask = 2147483647;
			files = (
				F2C440E01CD1F368003D18D0 /* swift_day08_setter_getterTests.swift in Sources */,
			);
			runOnlyForDeploymentPostprocessing = 0;
		};
		F2C440E21CD1F368003D18D0 /* Sources */ = {
			isa = PBXSourcesBuildPhase;
			buildActionMask = 2147483647;
			files = (
				F2C440EB1CD1F368003D18D0 /* swift_day08_setter_getterUITests.swift in Sources */,
			);
			runOnlyForDeploymentPostprocessing = 0;
		};
/* End PBXSourcesBuildPhase section */

/* Begin PBXTargetDependency section */
		F2C440DD1CD1F368003D18D0 /* PBXTargetDependency */ = {
			isa = PBXTargetDependency;
			target = F2C440C61CD1F368003D18D0 /* swift-day08-setter&getter */;
			targetProxy = F2C440DC1CD1F368003D18D0 /* PBXContainerItemProxy */;
		};
		F2C440E81CD1F368003D18D0 /* PBXTargetDependency */ = {
			isa = PBXTargetDependency;
			target = F2C440C61CD1F368003D18D0 /* swift-day08-setter&getter */;
			targetProxy = F2C440E71CD1F368003D18D0 /* PBXContainerItemProxy */;
		};
/* End PBXTargetDependency section */

/* Begin PBXVariantGroup section */
		F2C440CE1CD1F368003D18D0 /* Main.storyboard */ = {
			isa = PBXVariantGroup;
			children = (
				F2C440CF1CD1F368003D18D0 /* Base */,
			);
			name = Main.storyboard;
			sourceTree = "<group>";
		};
		F2C440D31CD1F368003D18D0 /* LaunchScreen.storyboard */ = {
			isa = PBXVariantGroup;
			children = (
				F2C440D41CD1F368003D18D0 /* Base */,
			);
			name = LaunchScreen.storyboard;
			sourceTree = "<group>";
		};
/* End PBXVariantGroup section */

/* Begin XCBuildConfiguration section */
		F2C440ED1CD1F368003D18D0 /* Debug */ = {
			isa = XCBuildConfiguration;
			buildSettings = {
				ALWAYS_SEARCH_USER_PATHS = NO;
				CLANG_CXX_LANGUAGE_STANDARD = "gnu++0x";
				CLANG_CXX_LIBRARY = "libc++";
				CLANG_ENABLE_MODULES = YES;
				CLANG_ENABLE_OBJC_ARC = YES;
				CLANG_WARN_BOOL_CONVERSION = YES;
				CLANG_WARN_CONSTANT_CONVERSION = YES;
				CLANG_WARN_DIRECT_OBJC_ISA_USAGE = YES_ERROR;
				CLANG_WARN_EMPTY_BODY = YES;
				CLANG_WARN_ENUM_CONVERSION = YES;
				CLANG_WARN_INT_CONVERSION = YES;
				CLANG_WARN_OBJC_ROOT_CLASS = YES_ERROR;
				CLANG_WARN_UNREACHABLE_CODE = YES;
				CLANG_WARN__DUPLICATE_METHOD_MATCH = YES;
				"CODE_SIGN_IDENTITY[sdk=iphoneos*]" = "iPhone Developer";
				COPY_PHASE_STRIP = NO;
				DEBUG_INFORMATION_FORMAT = dwarf;
				ENABLE_STRICT_OBJC_MSGSEND = YES;
				ENABLE_TESTABILITY = YES;
				GCC_C_LANGUAGE_STANDARD = gnu99;
				GCC_DYNAMIC_NO_PIC = NO;
				GCC_NO_COMMON_BLOCKS = YES;
				GCC_OPTIMIZATION_LEVEL = 0;
				GCC_PREPROCESSOR_DEFINITIONS = (
					"DEBUG=1",
					"$(inherited)",
				);
				GCC_WARN_64_TO_32_BIT_CONVERSION = YES;
				GCC_WARN_ABOUT_RETURN_TYPE = YES_ERROR;
				GCC_WARN_UNDECLARED_SELECTOR = YES;
				GCC_WARN_UNINITIALIZED_AUTOS = YES_AGGRESSIVE;
				GCC_WARN_UNUSED_FUNCTION = YES;
				GCC_WARN_UNUSED_VARIABLE = YES;
				IPHONEOS_DEPLOYMENT_TARGET = 9.2;
				MTL_ENABLE_DEBUG_INFO = YES;
				ONLY_ACTIVE_ARCH = YES;
				SDKROOT = iphoneos;
				SWIFT_OPTIMIZATION_LEVEL = "-Onone";
				TARGETED_DEVICE_FAMILY = "1,2";
			};
			name = Debug;
		};
		F2C440EE1CD1F368003D18D0 /* Release */ = {
			isa = XCBuildConfiguration;
			buildSettings = {
				ALWAYS_SEARCH_USER_PATHS = NO;
				CLANG_CXX_LANGUAGE_STANDARD = "gnu++0x";
				CLANG_CXX_LIBRARY = "libc++";
				CLANG_ENABLE_MODULES = YES;
				CLANG_ENABLE_OBJC_ARC = YES;
				CLANG_WARN_BOOL_CONVERSION = YES;
				CLANG_WARN_CONSTANT_CONVERSION = YES;
				CLANG_WARN_DIRECT_OBJC_ISA_USAGE = YES_ERROR;
				CLANG_WARN_EMPTY_BODY = YES;
				CLANG_WARN_ENUM_CONVERSION = YES;
				CLANG_WARN_INT_CONVERSION = YES;
				CLANG_WARN_OBJC_ROOT_CLASS = YES_ERROR;
				CLANG_WARN_UNREACHABLE_CODE = YES;
				CLANG_WARN__DUPLICATE_METHOD_MATCH = YES;
				"CODE_SIGN_IDENTITY[sdk=iphoneos*]" = "iPhone Developer";
				COPY_PHASE_STRIP = NO;
				DEBUG_INFORMATION_FORMAT = "dwarf-with-dsym";
				ENABLE_NS_ASSERTIONS = NO;
				ENABLE_STRICT_OBJC_MSGSEND = YES;
				GCC_C_LANGUAGE_STANDARD = gnu99;
				GCC_NO_COMMON_BLOCKS = YES;
				GCC_WARN_64_TO_32_BIT_CONVERSION = YES;
				GCC_WARN_ABOUT_RETURN_TYPE = YES_ERROR;
				GCC_WARN_UNDECLARED_SELECTOR = YES;
				GCC_WARN_UNINITIALIZED_AUTOS = YES_AGGRESSIVE;
				GCC_WARN_UNUSED_FUNCTION = YES;
				GCC_WARN_UNUSED_VARIABLE = YES;
				IPHONEOS_DEPLOYMENT_TARGET = 9.2;
				MTL_ENABLE_DEBUG_INFO = NO;
				SDKROOT = iphoneos;
				TARGETED_DEVICE_FAMILY = "1,2";
				VALIDATE_PRODUCT = YES;
			};
			name = Release;
		};
		F2C440F01CD1F368003D18D0 /* Debug */ = {
			isa = XCBuildConfiguration;
			buildSettings = {
				ASSETCATALOG_COMPILER_APPICON_NAME = AppIcon;
				INFOPLIST_FILE = "swift-day08-setter&getter/Info.plist";
				LD_RUNPATH_SEARCH_PATHS = "$(inherited) @executable_path/Frameworks";
				PRODUCT_BUNDLE_IDENTIFIER = "penglei.swift-day08-setter-getter";
				PRODUCT_NAME = "$(TARGET_NAME)";
			};
			name = Debug;
		};
		F2C440F11CD1F368003D18D0 /* Release */ = {
			isa = XCBuildConfiguration;
			buildSettings = {
				ASSETCATALOG_COMPILER_APPICON_NAME = AppIcon;
				INFOPLIST_FILE = "swift-day08-setter&getter/Info.plist";
				LD_RUNPATH_SEARCH_PATHS = "$(inherited) @executable_path/Frameworks";
				PRODUCT_BUNDLE_IDENTIFIER = "penglei.swift-day08-setter-getter";
				PRODUCT_NAME = "$(TARGET_NAME)";
			};
			name = Release;
		};
		F2C440F31CD1F368003D18D0 /* Debug */ = {
			isa = XCBuildConfiguration;
			buildSettings = {
				BUNDLE_LOADER = "$(TEST_HOST)";
				INFOPLIST_FILE = "swift-day08-setter&getterTests/Info.plist";
				LD_RUNPATH_SEARCH_PATHS = "$(inherited) @executable_path/Frameworks @loader_path/Frameworks";
				PRODUCT_BUNDLE_IDENTIFIER = "penglei.swift-day08-setter-getterTests";
				PRODUCT_NAME = "$(TARGET_NAME)";
				TEST_HOST = "$(BUILT_PRODUCTS_DIR)/swift-day08-setter&getter.app/swift-day08-setter&getter";
			};
			name = Debug;
		};
		F2C440F41CD1F368003D18D0 /* Release */ = {
			isa = XCBuildConfiguration;
			buildSettings = {
				BUNDLE_LOADER = "$(TEST_HOST)";
				INFOPLIST_FILE = "swift-day08-setter&getterTests/Info.plist";
				LD_RUNPATH_SEARCH_PATHS = "$(inherited) @executable_path/Frameworks @loader_path/Frameworks";
				PRODUCT_BUNDLE_IDENTIFIER = "penglei.swift-day08-setter-getterTests";
				PRODUCT_NAME = "$(TARGET_NAME)";
				TEST_HOST = "$(BUILT_PRODUCTS_DIR)/swift-day08-setter&getter.app/swift-day08-setter&getter";
			};
			name = Release;
		};
		F2C440F61CD1F368003D18D0 /* Debug */ = {
			isa = XCBuildConfiguration;
			buildSettings = {
				INFOPLIST_FILE = "swift-day08-setter&getterUITests/Info.plist";
				LD_RUNPATH_SEARCH_PATHS = "$(inherited) @executable_path/Frameworks @loader_path/Frameworks";
				PRODUCT_BUNDLE_IDENTIFIER = "penglei.swift-day08-setter-getterUITests";
				PRODUCT_NAME = "$(TARGET_NAME)";
				TEST_TARGET_NAME = "swift-day08-setter&getter";
				USES_XCTRUNNER = YES;
			};
			name = Debug;
		};
		F2C440F71CD1F368003D18D0 /* Release */ = {
			isa = XCBuildConfiguration;
			buildSettings = {
				INFOPLIST_FILE = "swift-day08-setter&getterUITests/Info.plist";
				LD_RUNPATH_SEARCH_PATHS = "$(inherited) @executable_path/Frameworks @loader_path/Frameworks";
				PRODUCT_BUNDLE_IDENTIFIER = "penglei.swift-day08-setter-getterUITests";
				PRODUCT_NAME = "$(TARGET_NAME)";
				TEST_TARGET_NAME = "swift-day08-setter&getter";
				USES_XCTRUNNER = YES;
			};
			name = Release;
		};
/* End XCBuildConfiguration section */

/* Begin XCConfigurationList section */
		F2C440C21CD1F368003D18D0 /* Build configuration list for PBXProject "swift-day08-setter&getter" */ = {
			isa = XCConfigurationList;
			buildConfigurations = (
				F2C440ED1CD1F368003D18D0 /* Debug */,
				F2C440EE1CD1F368003D18D0 /* Release */,
			);
			defaultConfigurationIsVisible = 0;
			defaultConfigurationName = Release;
		};
		F2C440EF1CD1F368003D18D0 /* Build configuration list for PBXNativeTarget "swift-day08-setter&getter" */ = {
			isa = XCConfigurationList;
			buildConfigurations = (
				F2C440F01CD1F368003D18D0 /* Debug */,
				F2C440F11CD1F368003D18D0 /* Release */,
			);
			defaultConfigurationIsVisible = 0;
		};
		F2C440F21CD1F368003D18D0 /* Build configuration list for PBXNativeTarget "swift-day08-setter&getterTests" */ = {
			isa = XCConfigurationList;
			buildConfigurations = (
				F2C440F31CD1F368003D18D0 /* Debug */,
				F2C440F41CD1F368003D18D0 /* Release */,
			);
			defaultConfigurationIsVisible = 0;
		};
		F2C440F51CD1F368003D18D0 /* Build configuration list for PBXNativeTarget "swift-day08-setter&getterUITests" */ = {
			isa = XCConfigurationList;
			buildConfigurations = (
				F2C440F61CD1F368003D18D0 /* Debug */,
				F2C440F71CD1F368003D18D0 /* Release */,
			);
			defaultConfigurationIsVisible = 0;
		};
/* End XCConfigurationList section */
	};
	rootObject = F2C440BF1CD1F368003D18D0 /* Project object */;
}
